
Microsoft Visual Studio Solution File, Format Version 12.00
# Visual Studio Version 17
VisualStudioVersion = 17.1.32228.430
MinimumVisualStudioVersion = 10.0.40219.1
Project("{2150E333-8FDC-42A3-9474-1A3956D46DE8}") = "Foxhole-Pocket", "Foxhole-Pocket", "{18614579-1A04-4386-B0DB-EC8E0ED0C8BC}"
EndProject
Project("{39E2626F-3545-4960-A6E8-258AD8476CE5}") = "Foxhole-Pocket.Packaging", "Foxhole-Pocket\Foxhole-Pocket.Packaging\Foxhole-Pocket.Packaging.androidproj", "{0C771444-AA86-4250-8E9F-01FCF6BD41ED}"
EndProject
Project("{8BC9CEB8-8B4A-11D0-8D11-00A0C91BC942}") = "Foxhole-Pocket.NativeActivity", "Foxhole-Pocket\Foxhole-Pocket.NativeActivity\Foxhole-Pocket.NativeActivity.vcxproj", "{791691FF-79CE-4E51-976A-E3CB16A3BA01}"
EndProject
Global
	GlobalSection(SolutionConfigurationPlatforms) = preSolution
		Debug|ARM = Debug|ARM
		Debug|ARM64 = Debug|ARM64
		Debug|x64 = Debug|x64
		Debug|x86 = Debug|x86
		Release|ARM = Release|ARM
		Release|ARM64 = Release|ARM64
		Release|x64 = Release|x64
		Release|x86 = Release|x86
	EndGlobalSection
	GlobalSection(ProjectConfigurationPlatforms) = postSolution
		{0C771444-AA86-4250-8E9F-01FCF6BD41ED}.Debug|ARM.ActiveCfg = Debug|ARM
		{0C771444-AA86-4250-8E9F-01FCF6BD41ED}.Debug|ARM.Build.0 = Debug|ARM
		{0C771444-AA86-4250-8E9F-01FCF6BD41ED}.Debug|ARM.Deploy.0 = Debug|ARM
		{0C771444-AA86-4250-8E9F-01FCF6BD41ED}.Debug|ARM64.ActiveCfg = Debug|ARM64
		{0C771444-AA86-4250-8E9F-01FCF6BD41ED}.Debug|ARM64.Build.0 = Debug|ARM64
		{0C771444-AA86-4250-8E9F-01FCF6BD41ED}.Debug|ARM64.Deploy.0 = Debug|ARM64
		{0C771444-AA86-4250-8E9F-01FCF6BD41ED}.Debug|x64.ActiveCfg = Debug|x64
		{0C771444-AA86-4250-8E9F-01FCF6BD41ED}.Debug|x64.Build.0 = Debug|x64
		{0C771444-AA86-4250-8E9F-01FCF6BD41ED}.Debug|x64.Deploy.0 = Debug|x64
		{0C771444-AA86-4250-8E9F-01FCF6BD41ED}.Debug|x86.ActiveCfg = Debug|x86
		{0C771444-AA86-4250-8E9F-01FCF6BD41ED}.Debug|x86.Build.0 = Debug|x86
		{0C771444-AA86-4250-8E9F-01FCF6BD41ED}.Debug|x86.Deploy.0 = Debug|x86
		{0C771444-AA86-4250-8E9F-01FCF6BD41ED}.Release|ARM.ActiveCfg = Release|ARM
		{0C771444-AA86-4250-8E9F-01FCF6BD41ED}.Release|ARM.Build.0 = Release|ARM
		{0C771444-AA86-4250-8E9F-01FCF6BD41ED}.Release|ARM.Deploy.0 = Release|ARM
		{0C771444-AA86-4250-8E9F-01FCF6BD41ED}.Release|ARM64.ActiveCfg = Release|ARM64
		{0C771444-AA86-4250-8E9F-01FCF6BD41ED}.Release|ARM64.Build.0 = Release|ARM64
		{0C771444-AA86-4250-8E9F-01FCF6BD41ED}.Release|ARM64.Deploy.0 = Release|ARM64
		{0C771444-AA86-4250-8E9F-01FCF6BD41ED}.Release|x64.ActiveCfg = Release|x64
		{0C771444-AA86-4250-8E9F-01FCF6BD41ED}.Release|x64.Build.0 = Release|x64
		{0C771444-AA86-4250-8E9F-01FCF6BD41ED}.Release|x64.Deploy.0 = Release|x64
		{0C771444-AA86-4250-8E9F-01FCF6BD41ED}.Release|x86.ActiveCfg = Release|x86
		{0C771444-AA86-4250-8E9F-01FCF6BD41ED}.Release|x86.Build.0 = Release|x86
		{0C771444-AA86-4250-8E9F-01FCF6BD41ED}.Release|x86.Deploy.0 = Release|x86
		{791691FF-79CE-4E51-976A-E3CB16A3BA01}.Debug|ARM.ActiveCfg = Debug|ARM
		{791691FF-79CE-4E51-976A-E3CB16A3BA01}.Debug|ARM.Build.0 = Debug|ARM
		{791691FF-79CE-4E51-976A-E3CB16A3BA01}.Debug|ARM64.ActiveCfg = Debug|ARM64
		{791691FF-79CE-4E51-976A-E3CB16A3BA01}.Debug|ARM64.Build.0 = Debug|ARM64
		{791691FF-79CE-4E51-976A-E3CB16A3BA01}.Debug|x64.ActiveCfg = Debug|x64
		{791691FF-79CE-4E51-976A-E3CB16A3BA01}.Debug|x64.Build.0 = Debug|x64
		{791691FF-79CE-4E51-976A-E3CB16A3BA01}.Debug|x86.ActiveCfg = Debug|x86
		{791691FF-79CE-4E51-976A-E3CB16A3BA01}.Debug|x86.Build.0 = Debug|x86
		{791691FF-79CE-4E51-976A-E3CB16A3BA01}.Release|ARM.ActiveCfg = Release|ARM
		{791691FF-79CE-4E51-976A-E3CB16A3BA01}.Release|ARM.Build.0 = Release|ARM
		{791691FF-79CE-4E51-976A-E3CB16A3BA01}.Release|ARM64.ActiveCfg = Release|ARM64
		{791691FF-79CE-4E51-976A-E3CB16A3BA01}.Release|ARM64.Build.0 = Release|ARM64
		{791691FF-79CE-4E51-976A-E3CB16A3BA01}.Release|x64.ActiveCfg = Release|x64
		{791691FF-79CE-4E51-976A-E3CB16A3BA01}.Release|x64.Build.0 = Release|x64
		{791691FF-79CE-4E51-976A-E3CB16A3BA01}.Release|x86.ActiveCfg = Release|x86
		{791691FF-79CE-4E51-976A-E3CB16A3BA01}.Release|x86.Build.0 = Release|x86
	EndGlobalSection
	GlobalSection(SolutionProperties) = preSolution
		HideSolutionNode = FALSE
	EndGlobalSection
	GlobalSection(NestedProjects) = preSolution
		{0C771444-AA86-4250-8E9F-01FCF6BD41ED} = {18614579-1A04-4386-B0DB-EC8E0ED0C8BC}
		{791691FF-79CE-4E51-976A-E3CB16A3BA01} = {18614579-1A04-4386-B0DB-EC8E0ED0C8BC}
	EndGlobalSection
	GlobalSection(ExtensibilityGlobals) = postSolution
		SolutionGuid = {452B5A84-7739-4297-8DAE-1536BD5438B9}
	EndGlobalSection
EndGlobal
